
Microsoft Visual Studio Solution File, Format Version 12.00
# Visual Studio Version 16
VisualStudioVersion = 16.0.30225.117
MinimumVisualStudioVersion = 10.0.40219.1
Project("{D954291E-2A0B-460D-934E-DC6B0785DB48}") = "HalloUno.Shared", "HalloUno\HalloUno.Shared\HalloUno.Shared.shproj", "{6279C845-92F8-4333-AB99-3D213163593C}"
EndProject
Project("{FAE04EC0-301F-11D3-BF4B-00C04F79EFBC}") = "HalloUno.Droid", "HalloUno\HalloUno.Droid\HalloUno.Droid.csproj", "{3A587BD5-A9D2-45B6-8BED-DC271EACDA75}"
EndProject
Project("{FAE04EC0-301F-11D3-BF4B-00C04F79EFBC}") = "HalloUno.iOS", "HalloUno\HalloUno.iOS\HalloUno.iOS.csproj", "{53E87975-9A9D-4A9B-87AC-D99D7826BAAC}"
EndProject
Project("{FAE04EC0-301F-11D3-BF4B-00C04F79EFBC}") = "HalloUno.UWP", "HalloUno\HalloUno.UWP\HalloUno.UWP.csproj", "{7044BDCF-21A8-44BB-98D1-6651B8542244}"
EndProject
Project("{FAE04EC0-301F-11D3-BF4B-00C04F79EFBC}") = "HalloUno.Wasm", "HalloUno\HalloUno.Wasm\HalloUno.Wasm.csproj", "{82F21DB3-B440-4468-8D67-78EBC62EC9F0}"
EndProject
Project("{FAE04EC0-301F-11D3-BF4B-00C04F79EFBC}") = "HalloUno.macOS", "HalloUno\HalloUno.macOS\HalloUno.macOS.csproj", "{F69AD739-1791-41EB-A0D9-BEA9092EA7B2}"
EndProject
Global
	GlobalSection(SharedMSBuildProjectFiles) = preSolution
		HalloUno\HalloUno.Shared\HalloUno.Shared.projitems*{3a587bd5-a9d2-45b6-8bed-dc271eacda75}*SharedItemsImports = 4
		HalloUno\HalloUno.Shared\HalloUno.Shared.projitems*{53e87975-9a9d-4a9b-87ac-d99d7826baac}*SharedItemsImports = 4
		HalloUno\HalloUno.Shared\HalloUno.Shared.projitems*{6279c845-92f8-4333-ab99-3d213163593c}*SharedItemsImports = 13
		HalloUno\HalloUno.Shared\HalloUno.Shared.projitems*{7044bdcf-21a8-44bb-98d1-6651b8542244}*SharedItemsImports = 4
		HalloUno\HalloUno.Shared\HalloUno.Shared.projitems*{82f21db3-b440-4468-8d67-78ebc62ec9f0}*SharedItemsImports = 5
		HalloUno\HalloUno.Shared\HalloUno.Shared.projitems*{f69ad739-1791-41eb-a0d9-bea9092ea7b2}*SharedItemsImports = 4
	EndGlobalSection
	GlobalSection(SolutionConfigurationPlatforms) = preSolution
		Ad-Hoc|Any CPU = Ad-Hoc|Any CPU
		Ad-Hoc|ARM = Ad-Hoc|ARM
		Ad-Hoc|ARM64 = Ad-Hoc|ARM64
		Ad-Hoc|iPhone = Ad-Hoc|iPhone
		Ad-Hoc|iPhoneSimulator = Ad-Hoc|iPhoneSimulator
		Ad-Hoc|x64 = Ad-Hoc|x64
		Ad-Hoc|x86 = Ad-Hoc|x86
		AppStore|Any CPU = AppStore|Any CPU
		AppStore|ARM = AppStore|ARM
		AppStore|ARM64 = AppStore|ARM64
		AppStore|iPhone = AppStore|iPhone
		AppStore|iPhoneSimulator = AppStore|iPhoneSimulator
		AppStore|x64 = AppStore|x64
		AppStore|x86 = AppStore|x86
		Debug|Any CPU = Debug|Any CPU
		Debug|ARM = Debug|ARM
		Debug|ARM64 = Debug|ARM64
		Debug|iPhone = Debug|iPhone
		Debug|iPhoneSimulator = Debug|iPhoneSimulator
		Debug|x64 = Debug|x64
		Debug|x86 = Debug|x86
		Release|Any CPU = Release|Any CPU
		Release|ARM = Release|ARM
		Release|ARM64 = Release|ARM64
		Release|iPhone = Release|iPhone
		Release|iPhoneSimulator = Release|iPhoneSimulator
		Release|x64 = Release|x64
		Release|x86 = Release|x86
	EndGlobalSection
	GlobalSection(ProjectConfigurationPlatforms) = postSolution
		{3A587BD5-A9D2-45B6-8BED-DC271EACDA75}.Ad-Hoc|Any CPU.ActiveCfg = Release|Any CPU
		{3A587BD5-A9D2-45B6-8BED-DC271EACDA75}.Ad-Hoc|Any CPU.Build.0 = Release|Any CPU
		{3A587BD5-A9D2-45B6-8BED-DC271EACDA75}.Ad-Hoc|Any CPU.Deploy.0 = Release|Any CPU
		{3A587BD5-A9D2-45B6-8BED-DC271EACDA75}.Ad-Hoc|ARM.ActiveCfg = Release|Any CPU
		{3A587BD5-A9D2-45B6-8BED-DC271EACDA75}.Ad-Hoc|ARM.Build.0 = Release|Any CPU
		{3A587BD5-A9D2-45B6-8BED-DC271EACDA75}.Ad-Hoc|ARM.Deploy.0 = Release|Any CPU
		{3A587BD5-A9D2-45B6-8BED-DC271EACDA75}.Ad-Hoc|ARM64.ActiveCfg = Release|Any CPU
		{3A587BD5-A9D2-45B6-8BED-DC271EACDA75}.Ad-Hoc|ARM64.Build.0 = Release|Any CPU
		{3A587BD5-A9D2-45B6-8BED-DC271EACDA75}.Ad-Hoc|ARM64.Deploy.0 = Release|Any CPU
		{3A587BD5-A9D2-45B6-8BED-DC271EACDA75}.Ad-Hoc|iPhone.ActiveCfg = Release|Any CPU
		{3A587BD5-A9D2-45B6-8BED-DC271EACDA75}.Ad-Hoc|iPhone.Build.0 = Release|Any CPU
		{3A587BD5-A9D2-45B6-8BED-DC271EACDA75}.Ad-Hoc|iPhone.Deploy.0 = Release|Any CPU
		{3A587BD5-A9D2-45B6-8BED-DC271EACDA75}.Ad-Hoc|iPhoneSimulator.ActiveCfg = Release|Any CPU
		{3A587BD5-A9D2-45B6-8BED-DC271EACDA75}.Ad-Hoc|iPhoneSimulator.Build.0 = Release|Any CPU
		{3A587BD5-A9D2-45B6-8BED-DC271EACDA75}.Ad-Hoc|iPhoneSimulator.Deploy.0 = Release|Any CPU
		{3A587BD5-A9D2-45B6-8BED-DC271EACDA75}.Ad-Hoc|x64.ActiveCfg = Release|Any CPU
		{3A587BD5-A9D2-45B6-8BED-DC271EACDA75}.Ad-Hoc|x64.Build.0 = Release|Any CPU
		{3A587BD5-A9D2-45B6-8BED-DC271EACDA75}.Ad-Hoc|x64.Deploy.0 = Release|Any CPU
		{3A587BD5-A9D2-45B6-8BED-DC271EACDA75}.Ad-Hoc|x86.ActiveCfg = Release|Any CPU
		{3A587BD5-A9D2-45B6-8BED-DC271EACDA75}.Ad-Hoc|x86.Build.0 = Release|Any CPU
		{3A587BD5-A9D2-45B6-8BED-DC271EACDA75}.Ad-Hoc|x86.Deploy.0 = Release|Any CPU
		{3A587BD5-A9D2-45B6-8BED-DC271EACDA75}.AppStore|Any CPU.ActiveCfg = Release|Any CPU
		{3A587BD5-A9D2-45B6-8BED-DC271EACDA75}.AppStore|Any CPU.Build.0 = Release|Any CPU
		{3A587BD5-A9D2-45B6-8BED-DC271EACDA75}.AppStore|Any CPU.Deploy.0 = Release|Any CPU
		{3A587BD5-A9D2-45B6-8BED-DC271EACDA75}.AppStore|ARM.ActiveCfg = Release|Any CPU
		{3A587BD5-A9D2-45B6-8BED-DC271EACDA75}.AppStore|ARM.Build.0 = Release|Any CPU
		{3A587BD5-A9D2-45B6-8BED-DC271EACDA75}.AppStore|ARM.Deploy.0 = Release|Any CPU
		{3A587BD5-A9D2-45B6-8BED-DC271EACDA75}.AppStore|ARM64.ActiveCfg = Release|Any CPU
		{3A587BD5-A9D2-45B6-8BED-DC271EACDA75}.AppStore|ARM64.Build.0 = Release|Any CPU
		{3A587BD5-A9D2-45B6-8BED-DC271EACDA75}.AppStore|ARM64.Deploy.0 = Release|Any CPU
		{3A587BD5-A9D2-45B6-8BED-DC271EACDA75}.AppStore|iPhone.ActiveCfg = Release|Any CPU
		{3A587BD5-A9D2-45B6-8BED-DC271EACDA75}.AppStore|iPhone.Build.0 = Release|Any CPU
		{3A587BD5-A9D2-45B6-8BED-DC271EACDA75}.AppStore|iPhone.Deploy.0 = Release|Any CPU
		{3A587BD5-A9D2-45B6-8BED-DC271EACDA75}.AppStore|iPhoneSimulator.ActiveCfg = Release|Any CPU
		{3A587BD5-A9D2-45B6-8BED-DC271EACDA75}.AppStore|iPhoneSimulator.Build.0 = Release|Any CPU
		{3A587BD5-A9D2-45B6-8BED-DC271EACDA75}.AppStore|iPhoneSimulator.Deploy.0 = Release|Any CPU
		{3A587BD5-A9D2-45B6-8BED-DC271EACDA75}.AppStore|x64.ActiveCfg = Release|Any CPU
		{3A587BD5-A9D2-45B6-8BED-DC271EACDA75}.AppStore|x64.Build.0 = Release|Any CPU
		{3A587BD5-A9D2-45B6-8BED-DC271EACDA75}.AppStore|x64.Deploy.0 = Release|Any CPU
		{3A587BD5-A9D2-45B6-8BED-DC271EACDA75}.AppStore|x86.ActiveCfg = Release|Any CPU
		{3A587BD5-A9D2-45B6-8BED-DC271EACDA75}.AppStore|x86.Build.0 = Release|Any CPU
		{3A587BD5-A9D2-45B6-8BED-DC271EACDA75}.AppStore|x86.Deploy.0 = Release|Any CPU
		{3A587BD5-A9D2-45B6-8BED-DC271EACDA75}.Debug|Any CPU.ActiveCfg = Debug|Any CPU
		{3A587BD5-A9D2-45B6-8BED-DC271EACDA75}.Debug|Any CPU.Build.0 = Debug|Any CPU
		{3A587BD5-A9D2-45B6-8BED-DC271EACDA75}.Debug|Any CPU.Deploy.0 = Debug|Any CPU
		{3A587BD5-A9D2-45B6-8BED-DC271EACDA75}.Debug|ARM.ActiveCfg = Debug|Any CPU
		{3A587BD5-A9D2-45B6-8BED-DC271EACDA75}.Debug|ARM.Build.0 = Debug|Any CPU
		{3A587BD5-A9D2-45B6-8BED-DC271EACDA75}.Debug|ARM.Deploy.0 = Debug|Any CPU
		{3A587BD5-A9D2-45B6-8BED-DC271EACDA75}.Debug|ARM64.ActiveCfg = Debug|Any CPU
		{3A587BD5-A9D2-45B6-8BED-DC271EACDA75}.Debug|ARM64.Build.0 = Debug|Any CPU
		{3A587BD5-A9D2-45B6-8BED-DC271EACDA75}.Debug|ARM64.Deploy.0 = Debug|Any CPU
		{3A587BD5-A9D2-45B6-8BED-DC271EACDA75}.Debug|iPhone.ActiveCfg = Debug|Any CPU
		{3A587BD5-A9D2-45B6-8BED-DC271EACDA75}.Debug|iPhone.Build.0 = Debug|Any CPU
		{3A587BD5-A9D2-45B6-8BED-DC271EACDA75}.Debug|iPhone.Deploy.0 = Debug|Any CPU
		{3A587BD5-A9D2-45B6-8BED-DC271EACDA75}.Debug|iPhoneSimulator.ActiveCfg = Debug|Any CPU
		{3A587BD5-A9D2-45B6-8BED-DC271EACDA75}.Debug|iPhoneSimulator.Build.0 = Debug|Any CPU
		{3A587BD5-A9D2-45B6-8BED-DC271EACDA75}.Debug|iPhoneSimulator.Deploy.0 = Debug|Any CPU
		{3A587BD5-A9D2-45B6-8BED-DC271EACDA75}.Debug|x64.ActiveCfg = Debug|Any CPU
		{3A587BD5-A9D2-45B6-8BED-DC271EACDA75}.Debug|x64.Build.0 = Debug|Any CPU
		{3A587BD5-A9D2-45B6-8BED-DC271EACDA75}.Debug|x64.Deploy.0 = Debug|Any CPU
		{3A587BD5-A9D2-45B6-8BED-DC271EACDA75}.Debug|x86.ActiveCfg = Debug|Any CPU
		{3A587BD5-A9D2-45B6-8BED-DC271EACDA75}.Debug|x86.Build.0 = Debug|Any CPU
		{3A587BD5-A9D2-45B6-8BED-DC271EACDA75}.Debug|x86.Deploy.0 = Debug|Any CPU
		{3A587BD5-A9D2-45B6-8BED-DC271EACDA75}.Release|Any CPU.ActiveCfg = Release|Any CPU
		{3A587BD5-A9D2-45B6-8BED-DC271EACDA75}.Release|Any CPU.Build.0 = Release|Any CPU
		{3A587BD5-A9D2-45B6-8BED-DC271EACDA75}.Release|Any CPU.Deploy.0 = Release|Any CPU
		{3A587BD5-A9D2-45B6-8BED-DC271EACDA75}.Release|ARM.ActiveCfg = Release|Any CPU
		{3A587BD5-A9D2-45B6-8BED-DC271EACDA75}.Release|ARM.Build.0 = Release|Any CPU
		{3A587BD5-A9D2-45B6-8BED-DC271EACDA75}.Release|ARM.Deploy.0 = Release|Any CPU
		{3A587BD5-A9D2-45B6-8BED-DC271EACDA75}.Release|ARM64.ActiveCfg = Release|Any CPU
		{3A587BD5-A9D2-45B6-8BED-DC271EACDA75}.Release|ARM64.Build.0 = Release|Any CPU
		{3A587BD5-A9D2-45B6-8BED-DC271EACDA75}.Release|ARM64.Deploy.0 = Release|Any CPU
		{3A587BD5-A9D2-45B6-8BED-DC271EACDA75}.Release|iPhone.ActiveCfg = Release|Any CPU
		{3A587BD5-A9D2-45B6-8BED-DC271EACDA75}.Release|iPhone.Build.0 = Release|Any CPU
		{3A587BD5-A9D2-45B6-8BED-DC271EACDA75}.Release|iPhone.Deploy.0 = Release|Any CPU
		{3A587BD5-A9D2-45B6-8BED-DC271EACDA75}.Release|iPhoneSimulator.ActiveCfg = Release|Any CPU
		{3A587BD5-A9D2-45B6-8BED-DC271EACDA75}.Release|iPhoneSimulator.Build.0 = Release|Any CPU
		{3A587BD5-A9D2-45B6-8BED-DC271EACDA75}.Release|iPhoneSimulator.Deploy.0 = Release|Any CPU
		{3A587BD5-A9D2-45B6-8BED-DC271EACDA75}.Release|x64.ActiveCfg = Release|Any CPU
		{3A587BD5-A9D2-45B6-8BED-DC271EACDA75}.Release|x64.Build.0 = Release|Any CPU
		{3A587BD5-A9D2-45B6-8BED-DC271EACDA75}.Release|x64.Deploy.0 = Release|Any CPU
		{3A587BD5-A9D2-45B6-8BED-DC271EACDA75}.Release|x86.ActiveCfg = Release|Any CPU
		{3A587BD5-A9D2-45B6-8BED-DC271EACDA75}.Release|x86.Build.0 = Release|Any CPU
		{3A587BD5-A9D2-45B6-8BED-DC271EACDA75}.Release|x86.Deploy.0 = Release|Any CPU
		{53E87975-9A9D-4A9B-87AC-D99D7826BAAC}.Ad-Hoc|Any CPU.ActiveCfg = Ad-Hoc|iPhone
		{53E87975-9A9D-4A9B-87AC-D99D7826BAAC}.Ad-Hoc|ARM.ActiveCfg = Ad-Hoc|iPhone
		{53E87975-9A9D-4A9B-87AC-D99D7826BAAC}.Ad-Hoc|ARM64.ActiveCfg = Ad-Hoc|iPhone
		{53E87975-9A9D-4A9B-87AC-D99D7826BAAC}.Ad-Hoc|iPhone.ActiveCfg = Ad-Hoc|iPhone
		{53E87975-9A9D-4A9B-87AC-D99D7826BAAC}.Ad-Hoc|iPhone.Build.0 = Ad-Hoc|iPhone
		{53E87975-9A9D-4A9B-87AC-D99D7826BAAC}.Ad-Hoc|iPhoneSimulator.ActiveCfg = Ad-Hoc|iPhoneSimulator
		{53E87975-9A9D-4A9B-87AC-D99D7826BAAC}.Ad-Hoc|iPhoneSimulator.Build.0 = Ad-Hoc|iPhoneSimulator
		{53E87975-9A9D-4A9B-87AC-D99D7826BAAC}.Ad-Hoc|x64.ActiveCfg = Ad-Hoc|iPhone
		{53E87975-9A9D-4A9B-87AC-D99D7826BAAC}.Ad-Hoc|x86.ActiveCfg = Ad-Hoc|iPhone
		{53E87975-9A9D-4A9B-87AC-D99D7826BAAC}.AppStore|Any CPU.ActiveCfg = AppStore|iPhone
		{53E87975-9A9D-4A9B-87AC-D99D7826BAAC}.AppStore|ARM.ActiveCfg = AppStore|iPhone
		{53E87975-9A9D-4A9B-87AC-D99D7826BAAC}.AppStore|ARM64.ActiveCfg = AppStore|iPhone
		{53E87975-9A9D-4A9B-87AC-D99D7826BAAC}.AppStore|iPhone.ActiveCfg = AppStore|iPhone
		{53E87975-9A9D-4A9B-87AC-D99D7826BAAC}.AppStore|iPhone.Build.0 = AppStore|iPhone
		{53E87975-9A9D-4A9B-87AC-D99D7826BAAC}.AppStore|iPhoneSimulator.ActiveCfg = AppStore|iPhoneSimulator
		{53E87975-9A9D-4A9B-87AC-D99D7826BAAC}.AppStore|iPhoneSimulator.Build.0 = AppStore|iPhoneSimulator
		{53E87975-9A9D-4A9B-87AC-D99D7826BAAC}.AppStore|x64.ActiveCfg = AppStore|iPhone
		{53E87975-9A9D-4A9B-87AC-D99D7826BAAC}.AppStore|x86.ActiveCfg = AppStore|iPhone
		{53E87975-9A9D-4A9B-87AC-D99D7826BAAC}.Debug|Any CPU.ActiveCfg = Debug|iPhone
		{53E87975-9A9D-4A9B-87AC-D99D7826BAAC}.Debug|ARM.ActiveCfg = Debug|iPhone
		{53E87975-9A9D-4A9B-87AC-D99D7826BAAC}.Debug|ARM64.ActiveCfg = Debug|iPhone
		{53E87975-9A9D-4A9B-87AC-D99D7826BAAC}.Debug|iPhone.ActiveCfg = Debug|iPhone
		{53E87975-9A9D-4A9B-87AC-D99D7826BAAC}.Debug|iPhone.Build.0 = Debug|iPhone
		{53E87975-9A9D-4A9B-87AC-D99D7826BAAC}.Debug|iPhoneSimulator.ActiveCfg = Debug|iPhoneSimulator
		{53E87975-9A9D-4A9B-87AC-D99D7826BAAC}.Debug|iPhoneSimulator.Build.0 = Debug|iPhoneSimulator
		{53E87975-9A9D-4A9B-87AC-D99D7826BAAC}.Debug|x64.ActiveCfg = Debug|iPhone
		{53E87975-9A9D-4A9B-87AC-D99D7826BAAC}.Debug|x86.ActiveCfg = Debug|iPhone
		{53E87975-9A9D-4A9B-87AC-D99D7826BAAC}.Release|Any CPU.ActiveCfg = Release|iPhone
		{53E87975-9A9D-4A9B-87AC-D99D7826BAAC}.Release|ARM.ActiveCfg = Release|iPhone
		{53E87975-9A9D-4A9B-87AC-D99D7826BAAC}.Release|ARM64.ActiveCfg = Release|iPhone
		{53E87975-9A9D-4A9B-87AC-D99D7826BAAC}.Release|iPhone.ActiveCfg = Release|iPhone
		{53E87975-9A9D-4A9B-87AC-D99D7826BAAC}.Release|iPhone.Build.0 = Release|iPhone
		{53E87975-9A9D-4A9B-87AC-D99D7826BAAC}.Release|iPhoneSimulator.ActiveCfg = Release|iPhoneSimulator
		{53E87975-9A9D-4A9B-87AC-D99D7826BAAC}.Release|iPhoneSimulator.Build.0 = Release|iPhoneSimulator
		{53E87975-9A9D-4A9B-87AC-D99D7826BAAC}.Release|x64.ActiveCfg = Release|iPhone
		{53E87975-9A9D-4A9B-87AC-D99D7826BAAC}.Release|x86.ActiveCfg = Release|iPhone
		{7044BDCF-21A8-44BB-98D1-6651B8542244}.Ad-Hoc|Any CPU.ActiveCfg = Release|x64
		{7044BDCF-21A8-44BB-98D1-6651B8542244}.Ad-Hoc|Any CPU.Build.0 = Release|x64
		{7044BDCF-21A8-44BB-98D1-6651B8542244}.Ad-Hoc|Any CPU.Deploy.0 = Release|x64
		{7044BDCF-21A8-44BB-98D1-6651B8542244}.Ad-Hoc|ARM.ActiveCfg = Release|ARM
		{7044BDCF-21A8-44BB-98D1-6651B8542244}.Ad-Hoc|ARM.Build.0 = Release|ARM
		{7044BDCF-21A8-44BB-98D1-6651B8542244}.Ad-Hoc|ARM.Deploy.0 = Release|ARM
		{7044BDCF-21A8-44BB-98D1-6651B8542244}.Ad-Hoc|ARM64.ActiveCfg = Release|ARM64
		{7044BDCF-21A8-44BB-98D1-6651B8542244}.Ad-Hoc|ARM64.Build.0 = Release|ARM64
		{7044BDCF-21A8-44BB-98D1-6651B8542244}.Ad-Hoc|ARM64.Deploy.0 = Release|ARM64
		{7044BDCF-21A8-44BB-98D1-6651B8542244}.Ad-Hoc|iPhone.ActiveCfg = Release|x64
		{7044BDCF-21A8-44BB-98D1-6651B8542244}.Ad-Hoc|iPhone.Build.0 = Release|x64
		{7044BDCF-21A8-44BB-98D1-6651B8542244}.Ad-Hoc|iPhone.Deploy.0 = Release|x64
		{7044BDCF-21A8-44BB-98D1-6651B8542244}.Ad-Hoc|iPhoneSimulator.ActiveCfg = Release|x64
		{7044BDCF-21A8-44BB-98D1-6651B8542244}.Ad-Hoc|iPhoneSimulator.Build.0 = Release|x64
		{7044BDCF-21A8-44BB-98D1-6651B8542244}.Ad-Hoc|iPhoneSimulator.Deploy.0 = Release|x64
		{7044BDCF-21A8-44BB-98D1-6651B8542244}.Ad-Hoc|x64.ActiveCfg = Release|x64
		{7044BDCF-21A8-44BB-98D1-6651B8542244}.Ad-Hoc|x64.Build.0 = Release|x64
		{7044BDCF-21A8-44BB-98D1-6651B8542244}.Ad-Hoc|x64.Deploy.0 = Release|x64
		{7044BDCF-21A8-44BB-98D1-6651B8542244}.Ad-Hoc|x86.ActiveCfg = Release|x86
		{7044BDCF-21A8-44BB-98D1-6651B8542244}.Ad-Hoc|x86.Build.0 = Release|x86
		{7044BDCF-21A8-44BB-98D1-6651B8542244}.Ad-Hoc|x86.Deploy.0 = Release|x86
		{7044BDCF-21A8-44BB-98D1-6651B8542244}.AppStore|Any CPU.ActiveCfg = Release|x64
		{7044BDCF-21A8-44BB-98D1-6651B8542244}.AppStore|Any CPU.Build.0 = Release|x64
		{7044BDCF-21A8-44BB-98D1-6651B8542244}.AppStore|Any CPU.Deploy.0 = Release|x64
		{7044BDCF-21A8-44BB-98D1-6651B8542244}.AppStore|ARM.ActiveCfg = Release|ARM
		{7044BDCF-21A8-44BB-98D1-6651B8542244}.AppStore|ARM.Build.0 = Release|ARM
		{7044BDCF-21A8-44BB-98D1-6651B8542244}.AppStore|ARM.Deploy.0 = Release|ARM
		{7044BDCF-21A8-44BB-98D1-6651B8542244}.AppStore|ARM64.ActiveCfg = Release|ARM64
		{7044BDCF-21A8-44BB-98D1-6651B8542244}.AppStore|ARM64.Build.0 = Release|ARM64
		{7044BDCF-21A8-44BB-98D1-6651B8542244}.AppStore|ARM64.Deploy.0 = Release|ARM64
		{7044BDCF-21A8-44BB-98D1-6651B8542244}.AppStore|iPhone.ActiveCfg = Release|x64
		{7044BDCF-21A8-44BB-98D1-6651B8542244}.AppStore|iPhone.Build.0 = Release|x64
		{7044BDCF-21A8-44BB-98D1-6651B8542244}.AppStore|iPhone.Deploy.0 = Release|x64
		{7044BDCF-21A8-44BB-98D1-6651B8542244}.AppStore|iPhoneSimulator.ActiveCfg = Release|x64
		{7044BDCF-21A8-44BB-98D1-6651B8542244}.AppStore|iPhoneSimulator.Build.0 = Release|x64
		{7044BDCF-21A8-44BB-98D1-6651B8542244}.AppStore|iPhoneSimulator.Deploy.0 = Release|x64
		{7044BDCF-21A8-44BB-98D1-6651B8542244}.AppStore|x64.ActiveCfg = Release|x64
		{7044BDCF-21A8-44BB-98D1-6651B8542244}.AppStore|x64.Build.0 = Release|x64
		{7044BDCF-21A8-44BB-98D1-6651B8542244}.AppStore|x64.Deploy.0 = Release|x64
		{7044BDCF-21A8-44BB-98D1-6651B8542244}.AppStore|x86.ActiveCfg = Release|x86
		{7044BDCF-21A8-44BB-98D1-6651B8542244}.AppStore|x86.Build.0 = Release|x86
		{7044BDCF-21A8-44BB-98D1-6651B8542244}.AppStore|x86.Deploy.0 = Release|x86
		{7044BDCF-21A8-44BB-98D1-6651B8542244}.Debug|Any CPU.ActiveCfg = Debug|x86
		{7044BDCF-21A8-44BB-98D1-6651B8542244}.Debug|ARM.ActiveCfg = Debug|ARM
		{7044BDCF-21A8-44BB-98D1-6651B8542244}.Debug|ARM.Build.0 = Debug|ARM
		{7044BDCF-21A8-44BB-98D1-6651B8542244}.Debug|ARM.Deploy.0 = Debug|ARM
		{7044BDCF-21A8-44BB-98D1-6651B8542244}.Debug|ARM64.ActiveCfg = Debug|ARM64
		{7044BDCF-21A8-44BB-98D1-6651B8542244}.Debug|ARM64.Build.0 = Debug|ARM64
		{7044BDCF-21A8-44BB-98D1-6651B8542244}.Debug|ARM64.Deploy.0 = Debug|ARM64
		{7044BDCF-21A8-44BB-98D1-6651B8542244}.Debug|iPhone.ActiveCfg = Debug|x86
		{7044BDCF-21A8-44BB-98D1-6651B8542244}.Debug|iPhoneSimulator.ActiveCfg = Debug|x86
		{7044BDCF-21A8-44BB-98D1-6651B8542244}.Debug|x64.ActiveCfg = Debug|x64
		{7044BDCF-21A8-44BB-98D1-6651B8542244}.Debug|x64.Build.0 = Debug|x64
		{7044BDCF-21A8-44BB-98D1-6651B8542244}.Debug|x64.Deploy.0 = Debug|x64
		{7044BDCF-21A8-44BB-98D1-6651B8542244}.Debug|x86.ActiveCfg = Debug|x86
		{7044BDCF-21A8-44BB-98D1-6651B8542244}.Debug|x86.Build.0 = Debug|x86
		{7044BDCF-21A8-44BB-98D1-6651B8542244}.Debug|x86.Deploy.0 = Debug|x86
		{7044BDCF-21A8-44BB-98D1-6651B8542244}.Release|Any CPU.ActiveCfg = Release|x86
		{7044BDCF-21A8-44BB-98D1-6651B8542244}.Release|ARM.ActiveCfg = Release|ARM
		{7044BDCF-21A8-44BB-98D1-6651B8542244}.Release|ARM.Build.0 = Release|ARM
		{7044BDCF-21A8-44BB-98D1-6651B8542244}.Release|ARM.Deploy.0 = Release|ARM
		{7044BDCF-21A8-44BB-98D1-6651B8542244}.Release|ARM64.ActiveCfg = Release|ARM64
		{7044BDCF-21A8-44BB-98D1-6651B8542244}.Release|ARM64.Build.0 = Release|ARM64
		{7044BDCF-21A8-44BB-98D1-6651B8542244}.Release|ARM64.Deploy.0 = Release|ARM64
		{7044BDCF-21A8-44BB-98D1-6651B8542244}.Release|iPhone.ActiveCfg = Release|x86
		{7044BDCF-21A8-44BB-98D1-6651B8542244}.Release|iPhoneSimulator.ActiveCfg = Release|x86
		{7044BDCF-21A8-44BB-98D1-6651B8542244}.Release|x64.ActiveCfg = Release|x64
		{7044BDCF-21A8-44BB-98D1-6651B8542244}.Release|x64.Build.0 = Release|x64
		{7044BDCF-21A8-44BB-98D1-6651B8542244}.Release|x64.Deploy.0 = Release|x64
		{7044BDCF-21A8-44BB-98D1-6651B8542244}.Release|x86.ActiveCfg = Release|x86
		{7044BDCF-21A8-44BB-98D1-6651B8542244}.Release|x86.Build.0 = Release|x86
		{7044BDCF-21A8-44BB-98D1-6651B8542244}.Release|x86.Deploy.0 = Release|x86
		{82F21DB3-B440-4468-8D67-78EBC62EC9F0}.Ad-Hoc|Any CPU.ActiveCfg = Debug|Any CPU
		{82F21DB3-B440-4468-8D67-78EBC62EC9F0}.Ad-Hoc|Any CPU.Build.0 = Debug|Any CPU
		{82F21DB3-B440-4468-8D67-78EBC62EC9F0}.Ad-Hoc|ARM.ActiveCfg = Debug|Any CPU
		{82F21DB3-B440-4468-8D67-78EBC62EC9F0}.Ad-Hoc|ARM.Build.0 = Debug|Any CPU
		{82F21DB3-B440-4468-8D67-78EBC62EC9F0}.Ad-Hoc|ARM64.ActiveCfg = Debug|Any CPU
		{82F21DB3-B440-4468-8D67-78EBC62EC9F0}.Ad-Hoc|ARM64.Build.0 = Debug|Any CPU
		{82F21DB3-B440-4468-8D67-78EBC62EC9F0}.Ad-Hoc|iPhone.ActiveCfg = Debug|Any CPU
		{82F21DB3-B440-4468-8D67-78EBC62EC9F0}.Ad-Hoc|iPhone.Build.0 = Debug|Any CPU
		{82F21DB3-B440-4468-8D67-78EBC62EC9F0}.Ad-Hoc|iPhoneSimulator.ActiveCfg = Debug|Any CPU
		{82F21DB3-B440-4468-8D67-78EBC62EC9F0}.Ad-Hoc|iPhoneSimulator.Build.0 = Debug|Any CPU
		{82F21DB3-B440-4468-8D67-78EBC62EC9F0}.Ad-Hoc|x64.ActiveCfg = Debug|Any CPU
		{82F21DB3-B440-4468-8D67-78EBC62EC9F0}.Ad-Hoc|x64.Build.0 = Debug|Any CPU
		{82F21DB3-B440-4468-8D67-78EBC62EC9F0}.Ad-Hoc|x86.ActiveCfg = Debug|Any CPU
		{82F21DB3-B440-4468-8D67-78EBC62EC9F0}.Ad-Hoc|x86.Build.0 = Debug|Any CPU
		{82F21DB3-B440-4468-8D67-78EBC62EC9F0}.AppStore|Any CPU.ActiveCfg = Debug|Any CPU
		{82F21DB3-B440-4468-8D67-78EBC62EC9F0}.AppStore|Any CPU.Build.0 = Debug|Any CPU
		{82F21DB3-B440-4468-8D67-78EBC62EC9F0}.AppStore|ARM.ActiveCfg = Debug|Any CPU
		{82F21DB3-B440-4468-8D67-78EBC62EC9F0}.AppStore|ARM.Build.0 = Debug|Any CPU
		{82F21DB3-B440-4468-8D67-78EBC62EC9F0}.AppStore|ARM64.ActiveCfg = Debug|Any CPU
		{82F21DB3-B440-4468-8D67-78EBC62EC9F0}.AppStore|ARM64.Build.0 = Debug|Any CPU
		{82F21DB3-B440-4468-8D67-78EBC62EC9F0}.AppStore|iPhone.ActiveCfg = Debug|Any CPU
		{82F21DB3-B440-4468-8D67-78EBC62EC9F0}.AppStore|iPhone.Build.0 = Debug|Any CPU
		{82F21DB3-B440-4468-8D67-78EBC62EC9F0}.AppStore|iPhoneSimulator.ActiveCfg = Debug|Any CPU
		{82F21DB3-B440-4468-8D67-78EBC62EC9F0}.AppStore|iPhoneSimulator.Build.0 = Debug|Any CPU
		{82F21DB3-B440-4468-8D67-78EBC62EC9F0}.AppStore|x64.ActiveCfg = Debug|Any CPU
		{82F21DB3-B440-4468-8D67-78EBC62EC9F0}.AppStore|x64.Build.0 = Debug|Any CPU
		{82F21DB3-B440-4468-8D67-78EBC62EC9F0}.AppStore|x86.ActiveCfg = Debug|Any CPU
		{82F21DB3-B440-4468-8D67-78EBC62EC9F0}.AppStore|x86.Build.0 = Debug|Any CPU
		{82F21DB3-B440-4468-8D67-78EBC62EC9F0}.Debug|Any CPU.ActiveCfg = Debug|Any CPU
		{82F21DB3-B440-4468-8D67-78EBC62EC9F0}.Debug|Any CPU.Build.0 = Debug|Any CPU
		{82F21DB3-B440-4468-8D67-78EBC62EC9F0}.Debug|ARM.ActiveCfg = Debug|Any CPU
		{82F21DB3-B440-4468-8D67-78EBC62EC9F0}.Debug|ARM.Build.0 = Debug|Any CPU
		{82F21DB3-B440-4468-8D67-78EBC62EC9F0}.Debug|ARM64.ActiveCfg = Debug|Any CPU
		{82F21DB3-B440-4468-8D67-78EBC62EC9F0}.Debug|ARM64.Build.0 = Debug|Any CPU
		{82F21DB3-B440-4468-8D67-78EBC62EC9F0}.Debug|iPhone.ActiveCfg = Debug|Any CPU
		{82F21DB3-B440-4468-8D67-78EBC62EC9F0}.Debug|iPhone.Build.0 = Debug|Any CPU
		{82F21DB3-B440-4468-8D67-78EBC62EC9F0}.Debug|iPhoneSimulator.ActiveCfg = Debug|Any CPU
		{82F21DB3-B440-4468-8D67-78EBC62EC9F0}.Debug|iPhoneSimulator.Build.0 = Debug|Any CPU
		{82F21DB3-B440-4468-8D67-78EBC62EC9F0}.Debug|x64.ActiveCfg = Debug|Any CPU
		{82F21DB3-B440-4468-8D67-78EBC62EC9F0}.Debug|x64.Build.0 = Debug|Any CPU
		{82F21DB3-B440-4468-8D67-78EBC62EC9F0}.Debug|x86.ActiveCfg = Debug|Any CPU
		{82F21DB3-B440-4468-8D67-78EBC62EC9F0}.Debug|x86.Build.0 = Debug|Any CPU
		{82F21DB3-B440-4468-8D67-78EBC62EC9F0}.Release|Any CPU.ActiveCfg = Release|Any CPU
		{82F21DB3-B440-4468-8D67-78EBC62EC9F0}.Release|Any CPU.Build.0 = Release|Any CPU
		{82F21DB3-B440-4468-8D67-78EBC62EC9F0}.Release|ARM.ActiveCfg = Release|Any CPU
		{82F21DB3-B440-4468-8D67-78EBC62EC9F0}.Release|ARM.Build.0 = Release|Any CPU
		{82F21DB3-B440-4468-8D67-78EBC62EC9F0}.Release|ARM64.ActiveCfg = Release|Any CPU
		{82F21DB3-B440-4468-8D67-78EBC62EC9F0}.Release|ARM64.Build.0 = Release|Any CPU
		{82F21DB3-B440-4468-8D67-78EBC62EC9F0}.Release|iPhone.ActiveCfg = Release|Any CPU
		{82F21DB3-B440-4468-8D67-78EBC62EC9F0}.Release|iPhone.Build.0 = Release|Any CPU
		{82F21DB3-B440-4468-8D67-78EBC62EC9F0}.Release|iPhoneSimulator.ActiveCfg = Release|Any CPU
		{82F21DB3-B440-4468-8D67-78EBC62EC9F0}.Release|iPhoneSimulator.Build.0 = Release|Any CPU
		{82F21DB3-B440-4468-8D67-78EBC62EC9F0}.Release|x64.ActiveCfg = Release|Any CPU
		{82F21DB3-B440-4468-8D67-78EBC62EC9F0}.Release|x64.Build.0 = Release|Any CPU
		{82F21DB3-B440-4468-8D67-78EBC62EC9F0}.Release|x86.ActiveCfg = Release|Any CPU
		{82F21DB3-B440-4468-8D67-78EBC62EC9F0}.Release|x86.Build.0 = Release|Any CPU
		{F69AD739-1791-41EB-A0D9-BEA9092EA7B2}.Ad-Hoc|Any CPU.ActiveCfg = Release|iPhoneSimulator
		{F69AD739-1791-41EB-A0D9-BEA9092EA7B2}.Ad-Hoc|Any CPU.Build.0 = Release|iPhoneSimulator
		{F69AD739-1791-41EB-A0D9-BEA9092EA7B2}.Ad-Hoc|ARM.ActiveCfg = Release|iPhoneSimulator
		{F69AD739-1791-41EB-A0D9-BEA9092EA7B2}.Ad-Hoc|ARM.Build.0 = Release|iPhoneSimulator
		{F69AD739-1791-41EB-A0D9-BEA9092EA7B2}.Ad-Hoc|ARM64.ActiveCfg = Release|iPhoneSimulator
		{F69AD739-1791-41EB-A0D9-BEA9092EA7B2}.Ad-Hoc|ARM64.Build.0 = Release|iPhoneSimulator
		{F69AD739-1791-41EB-A0D9-BEA9092EA7B2}.Ad-Hoc|iPhone.ActiveCfg = Release|iPhoneSimulator
		{F69AD739-1791-41EB-A0D9-BEA9092EA7B2}.Ad-Hoc|iPhone.Build.0 = Release|iPhoneSimulator
		{F69AD739-1791-41EB-A0D9-BEA9092EA7B2}.Ad-Hoc|iPhoneSimulator.ActiveCfg = Release|iPhoneSimulator
		{F69AD739-1791-41EB-A0D9-BEA9092EA7B2}.Ad-Hoc|iPhoneSimulator.Build.0 = Release|iPhoneSimulator
		{F69AD739-1791-41EB-A0D9-BEA9092EA7B2}.Ad-Hoc|x64.ActiveCfg = Release|iPhoneSimulator
		{F69AD739-1791-41EB-A0D9-BEA9092EA7B2}.Ad-Hoc|x64.Build.0 = Release|iPhoneSimulator
		{F69AD739-1791-41EB-A0D9-BEA9092EA7B2}.Ad-Hoc|x86.ActiveCfg = Release|iPhoneSimulator
		{F69AD739-1791-41EB-A0D9-BEA9092EA7B2}.Ad-Hoc|x86.Build.0 = Release|iPhoneSimulator
		{F69AD739-1791-41EB-A0D9-BEA9092EA7B2}.AppStore|Any CPU.ActiveCfg = Release|iPhoneSimulator
		{F69AD739-1791-41EB-A0D9-BEA9092EA7B2}.AppStore|Any CPU.Build.0 = Release|iPhoneSimulator
		{F69AD739-1791-41EB-A0D9-BEA9092EA7B2}.AppStore|ARM.ActiveCfg = Release|iPhoneSimulator
		{F69AD739-1791-41EB-A0D9-BEA9092EA7B2}.AppStore|ARM.Build.0 = Release|iPhoneSimulator
		{F69AD739-1791-41EB-A0D9-BEA9092EA7B2}.AppStore|ARM64.ActiveCfg = Release|iPhoneSimulator
		{F69AD739-1791-41EB-A0D9-BEA9092EA7B2}.AppStore|ARM64.Build.0 = Release|iPhoneSimulator
		{F69AD739-1791-41EB-A0D9-BEA9092EA7B2}.AppStore|iPhone.ActiveCfg = Release|iPhoneSimulator
		{F69AD739-1791-41EB-A0D9-BEA9092EA7B2}.AppStore|iPhone.Build.0 = Release|iPhoneSimulator
		{F69AD739-1791-41EB-A0D9-BEA9092EA7B2}.AppStore|iPhoneSimulator.ActiveCfg = Release|iPhoneSimulator
		{F69AD739-1791-41EB-A0D9-BEA9092EA7B2}.AppStore|iPhoneSimulator.Build.0 = Release|iPhoneSimulator
		{F69AD739-1791-41EB-A0D9-BEA9092EA7B2}.AppStore|x64.ActiveCfg = Release|iPhoneSimulator
		{F69AD739-1791-41EB-A0D9-BEA9092EA7B2}.AppStore|x64.Build.0 = Release|iPhoneSimulator
		{F69AD739-1791-41EB-A0D9-BEA9092EA7B2}.AppStore|x86.ActiveCfg = Release|iPhoneSimulator
		{F69AD739-1791-41EB-A0D9-BEA9092EA7B2}.AppStore|x86.Build.0 = Release|iPhoneSimulator
		{F69AD739-1791-41EB-A0D9-BEA9092EA7B2}.Debug|Any CPU.ActiveCfg = Debug|iPhoneSimulator
		{F69AD739-1791-41EB-A0D9-BEA9092EA7B2}.Debug|ARM.ActiveCfg = Debug|iPhoneSimulator
		{F69AD739-1791-41EB-A0D9-BEA9092EA7B2}.Debug|ARM64.ActiveCfg = Debug|iPhoneSimulator
		{F69AD739-1791-41EB-A0D9-BEA9092EA7B2}.Debug|iPhone.ActiveCfg = Debug|iPhoneSimulator
		{F69AD739-1791-41EB-A0D9-BEA9092EA7B2}.Debug|iPhoneSimulator.ActiveCfg = Debug|iPhoneSimulator
		{F69AD739-1791-41EB-A0D9-BEA9092EA7B2}.Debug|iPhoneSimulator.Build.0 = Debug|iPhoneSimulator
		{F69AD739-1791-41EB-A0D9-BEA9092EA7B2}.Debug|x64.ActiveCfg = Debug|iPhoneSimulator
		{F69AD739-1791-41EB-A0D9-BEA9092EA7B2}.Debug|x86.ActiveCfg = Debug|iPhoneSimulator
		{F69AD739-1791-41EB-A0D9-BEA9092EA7B2}.Release|Any CPU.ActiveCfg = Release|iPhoneSimulator
		{F69AD739-1791-41EB-A0D9-BEA9092EA7B2}.Release|ARM.ActiveCfg = Release|iPhoneSimulator
		{F69AD739-1791-41EB-A0D9-BEA9092EA7B2}.Release|ARM64.ActiveCfg = Release|iPhoneSimulator
		{F69AD739-1791-41EB-A0D9-BEA9092EA7B2}.Release|iPhone.ActiveCfg = Release|iPhoneSimulator
		{F69AD739-1791-41EB-A0D9-BEA9092EA7B2}.Release|iPhoneSimulator.ActiveCfg = Release|iPhoneSimulator
		{F69AD739-1791-41EB-A0D9-BEA9092EA7B2}.Release|iPhoneSimulator.Build.0 = Release|iPhoneSimulator
		{F69AD739-1791-41EB-A0D9-BEA9092EA7B2}.Release|x64.ActiveCfg = Release|iPhoneSimulator
		{F69AD739-1791-41EB-A0D9-BEA9092EA7B2}.Release|x86.ActiveCfg = Release|iPhoneSimulator
	EndGlobalSection
	GlobalSection(SolutionProperties) = preSolution
		HideSolutionNode = FALSE
	EndGlobalSection
	GlobalSection(ExtensibilityGlobals) = postSolution
		SolutionGuid = {B7A7CCB8-3DB3-412C-86EB-1AB783305125}
	EndGlobalSection
EndGlobal
