
Microsoft Visual Studio Solution File, Format Version 12.00
# Visual Studio Version 16
VisualStudioVersion = 16.0.30225.117
MinimumVisualStudioVersion = 10.0.40219.1
Project("{FAE04EC0-301F-11D3-BF4B-00C04F79EFBC}") = "BlazorWebAss", "BlazorWebAss\BlazorWebAss.csproj", "{4CFFAE1D-EC58-4077-8315-80820B2B9B1F}"
EndProject
Global
	GlobalSection(SolutionConfigurationPlatforms) = preSolution
		Debug|Any CPU = Debug|Any CPU
		Release|Any CPU = Release|Any CPU
	EndGlobalSection
	GlobalSection(ProjectConfigurationPlatforms) = postSolution
		{4CFFAE1D-EC58-4077-8315-80820B2B9B1F}.Debug|Any CPU.ActiveCfg = Debug|Any CPU
		{4CFFAE1D-EC58-4077-8315-80820B2B9B1F}.Debug|Any CPU.Build.0 = Debug|Any CPU
		{4CFFAE1D-EC58-4077-8315-80820B2B9B1F}.Release|Any CPU.ActiveCfg = Release|Any CPU
		{4CFFAE1D-EC58-4077-8315-80820B2B9B1F}.Release|Any CPU.Build.0 = Release|Any CPU
	EndGlobalSection
	GlobalSection(SolutionProperties) = preSolution
		HideSolutionNode = FALSE
	EndGlobalSection
	GlobalSection(ExtensibilityGlobals) = postSolution
		SolutionGuid = {E3E57F47-A8C4-45AD-80DB-49199A8E02FC}
	EndGlobalSection
EndGlobal
