
Microsoft Visual Studio Solution File, Format Version 12.00
# Visual Studio Version 16
VisualStudioVersion = 16.0.30225.117
MinimumVisualStudioVersion = 10.0.40219.1
Project("{FAE04EC0-301F-11D3-BF4B-00C04F79EFBC}") = "ASP_Core", "ASP_Core\ASP_Core.csproj", "{7C26DEA8-25A8-426B-858A-4B22E482AAA7}"
EndProject
Global
	GlobalSection(SolutionConfigurationPlatforms) = preSolution
		Debug|Any CPU = Debug|Any CPU
		Release|Any CPU = Release|Any CPU
	EndGlobalSection
	GlobalSection(ProjectConfigurationPlatforms) = postSolution
		{7C26DEA8-25A8-426B-858A-4B22E482AAA7}.Debug|Any CPU.ActiveCfg = Debug|Any CPU
		{7C26DEA8-25A8-426B-858A-4B22E482AAA7}.Debug|Any CPU.Build.0 = Debug|Any CPU
		{7C26DEA8-25A8-426B-858A-4B22E482AAA7}.Release|Any CPU.ActiveCfg = Release|Any CPU
		{7C26DEA8-25A8-426B-858A-4B22E482AAA7}.Release|Any CPU.Build.0 = Release|Any CPU
	EndGlobalSection
	GlobalSection(SolutionProperties) = preSolution
		HideSolutionNode = FALSE
	EndGlobalSection
	GlobalSection(ExtensibilityGlobals) = postSolution
		SolutionGuid = {281794D8-1145-48B6-ABD1-A4C669030658}
	EndGlobalSection
EndGlobal
