
Microsoft Visual Studio Solution File, Format Version 12.00
# Visual Studio Version 16
VisualStudioVersion = 16.0.30225.117
MinimumVisualStudioVersion = 10.0.40219.1
Project("{FAE04EC0-301F-11D3-BF4B-00C04F79EFBC}") = "EfCodeFirst", "EfCodeFirst\EfCodeFirst.csproj", "{0E3ECEFF-C683-4050-A4BA-F80D7638B60E}"
EndProject
Global
	GlobalSection(SolutionConfigurationPlatforms) = preSolution
		Debug|Any CPU = Debug|Any CPU
		Release|Any CPU = Release|Any CPU
	EndGlobalSection
	GlobalSection(ProjectConfigurationPlatforms) = postSolution
		{0E3ECEFF-C683-4050-A4BA-F80D7638B60E}.Debug|Any CPU.ActiveCfg = Debug|Any CPU
		{0E3ECEFF-C683-4050-A4BA-F80D7638B60E}.Debug|Any CPU.Build.0 = Debug|Any CPU
		{0E3ECEFF-C683-4050-A4BA-F80D7638B60E}.Release|Any CPU.ActiveCfg = Release|Any CPU
		{0E3ECEFF-C683-4050-A4BA-F80D7638B60E}.Release|Any CPU.Build.0 = Release|Any CPU
	EndGlobalSection
	GlobalSection(SolutionProperties) = preSolution
		HideSolutionNode = FALSE
	EndGlobalSection
	GlobalSection(ExtensibilityGlobals) = postSolution
		SolutionGuid = {5024A524-50E5-4744-A2AA-DC784850A61A}
	EndGlobalSection
EndGlobal
